
Microsoft Visual Studio Solution File, Format Version 12.00
# Visual Studio Version 16
VisualStudioVersion = 16.0.31613.86
MinimumVisualStudioVersion = 10.0.40219.1
Project("{FAE04EC0-301F-11D3-BF4B-00C04F79EFBC}") = "StringsComparator", "StringsComparator\StringsComparator.csproj", "{20AD2D61-9DC5-4F3B-A915-B083F6644FCC}"
EndProject
Global
	GlobalSection(SolutionConfigurationPlatforms) = preSolution
		Debug|Any CPU = Debug|Any CPU
		Release|Any CPU = Release|Any CPU
	EndGlobalSection
	GlobalSection(ProjectConfigurationPlatforms) = postSolution
		{20AD2D61-9DC5-4F3B-A915-B083F6644FCC}.Debug|Any CPU.ActiveCfg = Debug|Any CPU
		{20AD2D61-9DC5-4F3B-A915-B083F6644FCC}.Debug|Any CPU.Build.0 = Debug|Any CPU
		{20AD2D61-9DC5-4F3B-A915-B083F6644FCC}.Release|Any CPU.ActiveCfg = Release|Any CPU
		{20AD2D61-9DC5-4F3B-A915-B083F6644FCC}.Release|Any CPU.Build.0 = Release|Any CPU
	EndGlobalSection
	GlobalSection(SolutionProperties) = preSolution
		HideSolutionNode = FALSE
	EndGlobalSection
	GlobalSection(ExtensibilityGlobals) = postSolution
		SolutionGuid = {13986F8D-D5B4-4C8B-A74D-3387D47023EA}
	EndGlobalSection
EndGlobal
